
Microsoft Visual Studio Solution File, Format Version 12.00
# Visual Studio Version 16
VisualStudioVersion = 16.0.30907.101
MinimumVisualStudioVersion = 10.0.40219.1
Project("{FAE04EC0-301F-11D3-BF4B-00C04F79EFBC}") = "Lab1", "Lab1.csproj", "{5136144F-71D4-4723-A611-09870C531953}"
EndProject
Global
	GlobalSection(SolutionConfigurationPlatforms) = preSolution
		Debug|Any CPU = Debug|Any CPU
		Release|Any CPU = Release|Any CPU
	EndGlobalSection
	GlobalSection(ProjectConfigurationPlatforms) = postSolution
		{5136144F-71D4-4723-A611-09870C531953}.Debug|Any CPU.ActiveCfg = Debug|Any CPU
		{5136144F-71D4-4723-A611-09870C531953}.Debug|Any CPU.Build.0 = Debug|Any CPU
		{5136144F-71D4-4723-A611-09870C531953}.Release|Any CPU.ActiveCfg = Release|Any CPU
		{5136144F-71D4-4723-A611-09870C531953}.Release|Any CPU.Build.0 = Release|Any CPU
	EndGlobalSection
	GlobalSection(SolutionProperties) = preSolution
		HideSolutionNode = FALSE
	EndGlobalSection
	GlobalSection(ExtensibilityGlobals) = postSolution
		SolutionGuid = {CAA7077B-89C0-4477-8724-CC78CFDA5917}
	EndGlobalSection
EndGlobal
